<?xml version="1.0" encoding="utf-8"?>
<Project ToolsVersion="4.0" xmlns="http://schemas.microsoft.com/developer/msbuild/2003">
  <ItemGroup>
    <Filter Include="Inc">
      <UniqueIdentifier>{b43bd25d-c3cb-4408-963f-8d66cce02ba0}</UniqueIdentifier>
    </Filter>
    <Filter Include="Src">
      <UniqueIdentifier>{7c60d81a-638a-42b8-a541-dda7051f04d4}</UniqueIdentifier>
    </Filter>
  </ItemGroup>
  <ItemGroup>
    <ClInclude Include="Inc\SkVector2.h">
      <Filter>Inc</Filter>
    </ClInclude>
    <ClInclude Include="Inc\SkVector3.h">
      <Filter>Inc</Filter>
    </ClInclude>
    <ClInclude Include="Inc\SkWindow.h">
      <Filter>Inc</Filter>
    </ClInclude>
    <ClInclude Include="Inc\SkNonCopyable.h">
      <Filter>Inc</Filter>
    </ClInclude>
    <ClInclude Include="Inc\SkAssert.h">
      <Filter>Inc</Filter>
    </ClInclude>
    <ClInclude Include="Inc\SkConsoleWindow.h">
      <Filter>Inc</Filter>
    </ClInclude>
    <ClInclude Include="Inc\SkLog.h">
      <Filter>Inc</Filter>
    </ClInclude>
    <ClInclude Include="Inc\Pch.h" />
    <ClInclude Include="Inc\SkFramework.h">
      <Filter>Inc</Filter>
    </ClInclude>
    <ClInclude Include="Inc\SkIRenderable.h">
      <Filter>Inc</Filter>
    </ClInclude>
    <ClInclude Include="Inc\SkTextBox.h">
      <Filter>Inc</Filter>
    </ClInclude>
    <ClInclude Include="Inc\SkRenderer.h">
      <Filter>Inc</Filter>
    </ClInclude>
    <ClInclude Include="Inc\SkUtilities.h">
      <Filter>Inc</Filter>
    </ClInclude>
    <ClInclude Include="Inc\SkVertexBuffer.h">
      <Filter>Inc</Filter>
    </ClInclude>
    <ClInclude Include="Inc\SkVertexDeclaration.h">
      <Filter>Inc</Filter>
    </ClInclude>
    <ClInclude Include="Inc\SkManualRenderable.h">
      <Filter>Inc</Filter>
    </ClInclude>
    <ClInclude Include="Inc\SkStringUtil.h">
      <Filter>Inc</Filter>
    </ClInclude>
    <ClInclude Include="Inc\SkLambertShader.h">
      <Filter>Inc</Filter>
    </ClInclude>
    <ClInclude Include="Inc\SkCamera.h">
      <Filter>Inc</Filter>
    </ClInclude>
    <ClInclude Include="Inc\SkMatrix4.h">
      <Filter>Inc</Filter>
    </ClInclude>
    <ClInclude Include="Inc\SkVector4.h">
      <Filter>Inc</Filter>
    </ClInclude>
    <ClInclude Include="Inc\SkD3DMapping.h">
      <Filter>Inc</Filter>
    </ClInclude>
    <ClInclude Include="Inc\SkRadian.h">
      <Filter>Inc</Filter>
    </ClInclude>
    <ClInclude Include="Inc\SkMath.h">
      <Filter>Inc</Filter>
    </ClInclude>
    <ClInclude Include="Inc\SkShaderBase.h">
      <Filter>Inc</Filter>
    </ClInclude>
    <ClInclude Include="Inc\SkD3DEffect.h">
      <Filter>Inc</Filter>
    </ClInclude>
    <ClInclude Include="Inc\SkColor.h">
      <Filter>Inc</Filter>
    </ClInclude>
    <ClInclude Include="Inc\SkD3D9Device.h">
      <Filter>Inc</Filter>
    </ClInclude>
    <ClInclude Include="Inc\SkTexture.h">
      <Filter>Inc</Filter>
    </ClInclude>
    <ClInclude Include="Inc\SkMesh.h">
      <Filter>Inc</Filter>
    </ClInclude>
    <ClInclude Include="Inc\SkIndexBuffer.h">
      <Filter>Inc</Filter>
    </ClInclude>
    <ClInclude Include="Inc\SkIntrusivePtr.h">
      <Filter>Inc</Filter>
    </ClInclude>
    <ClInclude Include="Inc\SkMeshVertex.h">
      <Filter>Inc</Filter>
    </ClInclude>
    <ClInclude Include="Inc\SkTextureManager.h">
      <Filter>Inc</Filter>
    </ClInclude>
    <ClInclude Include="Inc\SkShaderManager.h">
      <Filter>Inc</Filter>
    </ClInclude>
  </ItemGroup>
  <ItemGroup>
    <ClCompile Include="Src\SkWindow.cpp">
      <Filter>Src</Filter>
    </ClCompile>
    <ClCompile Include="Src\SkConsoleWindow.cpp">
      <Filter>Src</Filter>
    </ClCompile>
    <ClCompile Include="Src\SkLog.cpp">
      <Filter>Src</Filter>
    </ClCompile>
    <ClCompile Include="Src\Pch.cpp" />
    <ClCompile Include="Src\SkFramework.cpp">
      <Filter>Src</Filter>
    </ClCompile>
    <ClCompile Include="Src\SkTextBox.cpp">
      <Filter>Src</Filter>
    </ClCompile>
    <ClCompile Include="Src\SkRenderer.cpp">
      <Filter>Src</Filter>
    </ClCompile>
    <ClCompile Include="Src\SkVertexBuffer.cpp">
      <Filter>Src</Filter>
    </ClCompile>
    <ClCompile Include="Src\SkVertexDeclaration.cpp">
      <Filter>Src</Filter>
    </ClCompile>
    <ClCompile Include="Src\SkManualRenderable.cpp">
      <Filter>Src</Filter>
    </ClCompile>
    <ClCompile Include="Src\SkStringUtil.cpp">
      <Filter>Src</Filter>
    </ClCompile>
    <ClCompile Include="Src\SkLambertShader.cpp">
      <Filter>Src</Filter>
    </ClCompile>
    <ClCompile Include="Src\SkCamera.cpp">
      <Filter>Src</Filter>
    </ClCompile>
    <ClCompile Include="Src\SkVector3.cpp">
      <Filter>Src</Filter>
    </ClCompile>
    <ClCompile Include="Src\SkMatrix4.cpp">
      <Filter>Src</Filter>
    </ClCompile>
    <ClCompile Include="Src\SkD3DMapping.cpp" />
    <ClCompile Include="Src\SkMath.cpp">
      <Filter>Src</Filter>
    </ClCompile>
    <ClCompile Include="Src\SkShaderBase.cpp">
      <Filter>Src</Filter>
    </ClCompile>
    <ClCompile Include="Src\SkD3DEffect.cpp">
      <Filter>Src</Filter>
    </ClCompile>
    <ClCompile Include="Src\SkVector4.cpp">
      <Filter>Src</Filter>
    </ClCompile>
    <ClCompile Include="Src\SkColor.cpp">
      <Filter>Src</Filter>
    </ClCompile>
    <ClCompile Include="Src\SkD3D9Device.cpp">
      <Filter>Src</Filter>
    </ClCompile>
    <ClCompile Include="Src\SkTexture.cpp">
      <Filter>Src</Filter>
    </ClCompile>
    <ClCompile Include="Src\SkMesh.cpp">
      <Filter>Src</Filter>
    </ClCompile>
    <ClCompile Include="Src\SkIndexBuffer.cpp">
      <Filter>Src</Filter>
    </ClCompile>
    <ClCompile Include="Src\SkMeshVertex.cpp">
      <Filter>Src</Filter>
    </ClCompile>
    <ClCompile Include="Src\SkTextureManager.cpp">
      <Filter>Src</Filter>
    </ClCompile>
    <ClCompile Include="Src\SkShaderManager.cpp">
      <Filter>Src</Filter>
    </ClCompile>
  </ItemGroup>
</Project>